# Linux-only runtime dependencies omitted when the canonical lock is compiled on Windows.
# Hashes cover the CPython 3.12 manylinux and musllinux wheels for x86_64 and
# aarch64, the two architectures supported by the production container
# definition. Alpine production images select the musllinux wheels.

uvloop==0.22.1 \
    --hash=sha256:700e674a166ca5778255e0e1dc4e9d79ab2acc57b9171b79e65feba7184b3370 \
    --hash=sha256:7b5b1ac819a3f946d3b2ee07f09149578ae76066d70b44df3fa990add49a82e4 \
    --hash=sha256:512fec6815e2dd45161054592441ef76c830eddaad55c8aa30952e6fe1ed07c0 \
    --hash=sha256:e047cc068570bac9866237739607d1313b9253c3051ad84738cbb095be0537b2
